
Microsoft Visual Studio Solution File, Format Version 12.00
# Visual Studio 15
VisualStudioVersion = 15.0.28307.168
MinimumVisualStudioVersion = 10.0.40219.1
Project("{FAE04EC0-301F-11D3-BF4B-00C04F79EFBC}") = "sharedstreets.vector.tile", "sharedstreets.vector.tile\sharedstreets.vector.tile.csproj", "{345A6CA7-4CC3-4011-B1FE-93DB298AD425}"
EndProject
Project("{FAE04EC0-301F-11D3-BF4B-00C04F79EFBC}") = "sharedstreets.vector.tile.tests", "sharedstreets.vector.tile.tests\sharedstreets.vector.tile.tests.csproj", "{91E7FEE8-05BD-4367-973B-AA315343FACD}"
EndProject
Global
	GlobalSection(SolutionConfigurationPlatforms) = preSolution
		Debug|Any CPU = Debug|Any CPU
		Release|Any CPU = Release|Any CPU
	EndGlobalSection
	GlobalSection(ProjectConfigurationPlatforms) = postSolution
		{345A6CA7-4CC3-4011-B1FE-93DB298AD425}.Debug|Any CPU.ActiveCfg = Debug|Any CPU
		{345A6CA7-4CC3-4011-B1FE-93DB298AD425}.Debug|Any CPU.Build.0 = Debug|Any CPU
		{345A6CA7-4CC3-4011-B1FE-93DB298AD425}.Release|Any CPU.ActiveCfg = Release|Any CPU
		{345A6CA7-4CC3-4011-B1FE-93DB298AD425}.Release|Any CPU.Build.0 = Release|Any CPU
		{91E7FEE8-05BD-4367-973B-AA315343FACD}.Debug|Any CPU.ActiveCfg = Debug|Any CPU
		{91E7FEE8-05BD-4367-973B-AA315343FACD}.Debug|Any CPU.Build.0 = Debug|Any CPU
		{91E7FEE8-05BD-4367-973B-AA315343FACD}.Release|Any CPU.ActiveCfg = Release|Any CPU
		{91E7FEE8-05BD-4367-973B-AA315343FACD}.Release|Any CPU.Build.0 = Release|Any CPU
	EndGlobalSection
	GlobalSection(SolutionProperties) = preSolution
		HideSolutionNode = FALSE
	EndGlobalSection
	GlobalSection(ExtensibilityGlobals) = postSolution
		SolutionGuid = {340A63A4-5B23-4CCA-9BBE-88DAD2F5C742}
	EndGlobalSection
EndGlobal
