
Microsoft Visual Studio Solution File, Format Version 12.00
# Visual Studio 15
VisualStudioVersion = 15.0.28307.168
MinimumVisualStudioVersion = 10.0.40219.1
Project("{9A19103F-16F7-4668-BE54-9A1E7A4F7556}") = "sharedstreets.vector.tile", "sharedstreets.vector.tile\sharedstreets.vector.tile.csproj", "{345A6CA7-4CC3-4011-B1FE-93DB298AD425}"
EndProject
Project("{9A19103F-16F7-4668-BE54-9A1E7A4F7556}") = "sharedstreets.vector.tile.tests", "sharedstreets.vector.tile.tests\sharedstreets.vector.tile.tests.csproj", "{91E7FEE8-05BD-4367-973B-AA315343FACD}"
EndProject
Project("{2150E333-8FDC-42A3-9474-1A3956D46DE8}") = "doc", "doc", "{2664DF1A-77C0-4DD9-89F0-7AF6AEF98BA1}"
	ProjectSection(SolutionItems) = preProject
		README.md = README.md
	EndProjectSection
EndProject
Project("{FAE04EC0-301F-11D3-BF4B-00C04F79EFBC}") = "WpfSample", "samples\WpfSample\WpfSample.csproj", "{00BE08BA-8997-40C6-8070-928C3A3A4193}"
EndProject
Project("{2150E333-8FDC-42A3-9474-1A3956D46DE8}") = "samples", "samples", "{C8D9CEA4-5565-4E18-8643-B95D207ED5FD}"
EndProject
Project("{FAE04EC0-301F-11D3-BF4B-00C04F79EFBC}") = "TileBuilder", "samples\TileBuilder\TileBuilder.csproj", "{5F9EC022-D1F3-42C2-843B-BD0BC84B88C3}"
EndProject
Global
	GlobalSection(SolutionConfigurationPlatforms) = preSolution
		Debug|Any CPU = Debug|Any CPU
		Release|Any CPU = Release|Any CPU
	EndGlobalSection
	GlobalSection(ProjectConfigurationPlatforms) = postSolution
		{345A6CA7-4CC3-4011-B1FE-93DB298AD425}.Debug|Any CPU.ActiveCfg = Debug|Any CPU
		{345A6CA7-4CC3-4011-B1FE-93DB298AD425}.Debug|Any CPU.Build.0 = Debug|Any CPU
		{345A6CA7-4CC3-4011-B1FE-93DB298AD425}.Release|Any CPU.ActiveCfg = Release|Any CPU
		{345A6CA7-4CC3-4011-B1FE-93DB298AD425}.Release|Any CPU.Build.0 = Release|Any CPU
		{91E7FEE8-05BD-4367-973B-AA315343FACD}.Debug|Any CPU.ActiveCfg = Debug|Any CPU
		{91E7FEE8-05BD-4367-973B-AA315343FACD}.Debug|Any CPU.Build.0 = Debug|Any CPU
		{91E7FEE8-05BD-4367-973B-AA315343FACD}.Release|Any CPU.ActiveCfg = Release|Any CPU
		{91E7FEE8-05BD-4367-973B-AA315343FACD}.Release|Any CPU.Build.0 = Release|Any CPU
		{00BE08BA-8997-40C6-8070-928C3A3A4193}.Debug|Any CPU.ActiveCfg = Debug|Any CPU
		{00BE08BA-8997-40C6-8070-928C3A3A4193}.Debug|Any CPU.Build.0 = Debug|Any CPU
		{00BE08BA-8997-40C6-8070-928C3A3A4193}.Release|Any CPU.ActiveCfg = Release|Any CPU
		{00BE08BA-8997-40C6-8070-928C3A3A4193}.Release|Any CPU.Build.0 = Release|Any CPU
		{5F9EC022-D1F3-42C2-843B-BD0BC84B88C3}.Debug|Any CPU.ActiveCfg = Debug|Any CPU
		{5F9EC022-D1F3-42C2-843B-BD0BC84B88C3}.Debug|Any CPU.Build.0 = Debug|Any CPU
		{5F9EC022-D1F3-42C2-843B-BD0BC84B88C3}.Release|Any CPU.ActiveCfg = Release|Any CPU
		{5F9EC022-D1F3-42C2-843B-BD0BC84B88C3}.Release|Any CPU.Build.0 = Release|Any CPU
	EndGlobalSection
	GlobalSection(SolutionProperties) = preSolution
		HideSolutionNode = FALSE
	EndGlobalSection
	GlobalSection(NestedProjects) = preSolution
		{00BE08BA-8997-40C6-8070-928C3A3A4193} = {C8D9CEA4-5565-4E18-8643-B95D207ED5FD}
		{5F9EC022-D1F3-42C2-843B-BD0BC84B88C3} = {C8D9CEA4-5565-4E18-8643-B95D207ED5FD}
	EndGlobalSection
	GlobalSection(ExtensibilityGlobals) = postSolution
		SolutionGuid = {340A63A4-5B23-4CCA-9BBE-88DAD2F5C742}
	EndGlobalSection
EndGlobal
